
Microsoft Visual Studio Solution File, Format Version 12.00
# Visual Studio 15
VisualStudioVersion = 15.0.28010.2036
MinimumVisualStudioVersion = 10.0.40219.1
Project("{FAE04EC0-301F-11D3-BF4B-00C04F79EFBC}") = "[OLC1]_Proyecto2", "[OLC1]_Proyecto2\[OLC1]_Proyecto2.csproj", "{77002765-189D-4020-AC89-5720DF2B5940}"
EndProject
Global
	GlobalSection(SolutionConfigurationPlatforms) = preSolution
		Debug|Any CPU = Debug|Any CPU
		Release|Any CPU = Release|Any CPU
	EndGlobalSection
	GlobalSection(ProjectConfigurationPlatforms) = postSolution
		{77002765-189D-4020-AC89-5720DF2B5940}.Debug|Any CPU.ActiveCfg = Debug|Any CPU
		{77002765-189D-4020-AC89-5720DF2B5940}.Debug|Any CPU.Build.0 = Debug|Any CPU
		{77002765-189D-4020-AC89-5720DF2B5940}.Release|Any CPU.ActiveCfg = Release|Any CPU
		{77002765-189D-4020-AC89-5720DF2B5940}.Release|Any CPU.Build.0 = Release|Any CPU
	EndGlobalSection
	GlobalSection(SolutionProperties) = preSolution
		HideSolutionNode = FALSE
	EndGlobalSection
	GlobalSection(ExtensibilityGlobals) = postSolution
		SolutionGuid = {A6585632-A4B1-4DBB-818A-F00357D8E6C2}
	EndGlobalSection
EndGlobal
